hash: b7ae1841263ebba80ec32146dd425609e8cc0f0722c07ee8573224b68bdb1287
updated: 2016-05-20T13:31:32.396125927-07:00
imports:
- name: github.com/golang/lint
  version: c7bacac2b21ca01afa1dee0acf64df3ce047c28f
- name: github.com/stretchr/testify
  version: 6cb3b85ef5a0efef77caef88363ec4d4b5c0976d
  subpackages:
  - assert
- name: github.com/uber-common/stacked
  version: f68dcbe9559e6669e6f73c4dcdb8bfdbf13712bb
- name: github.com/uber/uber-licence
  version: e35b7f99af2d110505bc81d8a9449dafaa326730
devImports: []
