hash: 829ea9f1396c987295f7c08924fe2b34e7721143d3cf6ccd75c8acb30fab24fd
updated: 2016-05-20T13:31:14.145179782-07:00
imports:
- name: github.com/stretchr/testify
  version: 6cb3b85ef5a0efef77caef88363ec4d4b5c0976d
  subpackages:
  - assert
- name: github.com/uber-common/stacked
  version: f68dcbe9559e6669e6f73c4dcdb8bfdbf13712bb
- name: github.com/uber/uber-licence
  version: e35b7f99af2d110505bc81d8a9449dafaa326730
devImports: []
